// !$*UTF8*$!
{
	archiveVersion = 1;
	classes = {
	};
	objectVersion = 56;
	objects = {

/* Begin PBXBuildFile section */
		16029B652B7792A700EF996A /* ANC3App.swift in Sources */ = {isa = PBXBuildFile; fileRef = 16029B642B7792A700EF996A /* ANC3App.swift */; };
		16029B672B7792A700EF996A /* ContentView.swift in Sources */ = {isa = PBXBuildFile; fileRef = 16029B662B7792A700EF996A /* ContentView.swift */; };
		16029B692B7792A800EF996A /* Assets.xcassets in Resources */ = {isa = PBXBuildFile; fileRef = 16029B682B7792A800EF996A /* Assets.xcassets */; };
		16029B6C2B7792A800EF996A /* Preview Assets.xcassets in Resources */ = {isa = PBXBuildFile; fileRef = 16029B6B2B7792A800EF996A /* Preview Assets.xcassets */; };
		16029B762B7792A900EF996A /* ANC3Tests.swift in Sources */ = {isa = PBXBuildFile; fileRef = 16029B752B7792A900EF996A /* ANC3Tests.swift */; };
		16029B802B7792A900EF996A /* ANC3UITests.swift in Sources */ = {isa = PBXBuildFile; fileRef = 16029B7F2B7792A900EF996A /* ANC3UITests.swift */; };
		16029B822B7792A900EF996A /* ANC3UITestsLaunchTests.swift in Sources */ = {isa = PBXBuildFile; fileRef = 16029B812B7792A900EF996A /* ANC3UITestsLaunchTests.swift */; };
/* End PBXBuildFile section */

/* Begin PBXContainerItemProxy section */
		16029B722B7792A900EF996A /* PBXContainerItemProxy */ = {
			isa = PBXContainerItemProxy;
			containerPortal = 16029B592B7792A700EF996A /* Project object */;
			proxyType = 1;
			remoteGlobalIDString = 16029B602B7792A700EF996A;
			remoteInfo = ANC3;
		};
		16029B7C2B7792A900EF996A /* PBXContainerItemProxy */ = {
			isa = PBXContainerItemProxy;
			containerPortal = 16029B592B7792A700EF996A /* Project object */;
			proxyType = 1;
			remoteGlobalIDString = 16029B602B7792A700EF996A;
			remoteInfo = ANC3;
		};
/* End PBXContainerItemProxy section */

/* Begin PBXFileReference section */
		16029B612B7792A700EF996A /* ANC3.app */ = {isa = PBXFileReference; explicitFileType = wrapper.application; includeInIndex = 0; path = ANC3.app; sourceTree = BUILT_PRODUCTS_DIR; };
		16029B642B7792A700EF996A /* ANC3App.swift */ = {isa = PBXFileReference; lastKnownFileType = sourcecode.swift; path = ANC3App.swift; sourceTree = "<group>"; };
		16029B662B7792A700EF996A /* ContentView.swift */ = {isa = PBXFileReference; lastKnownFileType = sourcecode.swift; path = ContentView.swift; sourceTree = "<group>"; };
		16029B682B7792A800EF996A /* Assets.xcassets */ = {isa = PBXFileReference; lastKnownFileType = folder.assetcatalog; path = Assets.xcassets; sourceTree = "<group>"; };
		16029B6B2B7792A800EF996A /* Preview Assets.xcassets */ = {isa = PBXFileReference; lastKnownFileType = folder.assetcatalog; path = "Preview Assets.xcassets"; sourceTree = "<group>"; };
		16029B712B7792A900EF996A /* ANC3Tests.xctest */ = {isa = PBXFileReference; explicitFileType = wrapper.cfbundle; includeInIndex = 0; path = ANC3Tests.xctest; sourceTree = BUILT_PRODUCTS_DIR; };
		16029B752B7792A900EF996A /* ANC3Tests.swift */ = {isa = PBXFileReference; lastKnownFileType = sourcecode.swift; path = ANC3Tests.swift; sourceTree = "<group>"; };
		16029B7B2B7792A900EF996A /* ANC3UITests.xctest */ = {isa = PBXFileReference; explicitFileType = wrapper.cfbundle; includeInIndex = 0; path = ANC3UITests.xctest; sourceTree = BUILT_PRODUCTS_DIR; };
		16029B7F2B7792A900EF996A /* ANC3UITests.swift */ = {isa = PBXFileReference; lastKnownFileType = sourcecode.swift; path = ANC3UITests.swift; sourceTree = "<group>"; };
		16029B812B7792A900EF996A /* ANC3UITestsLaunchTests.swift */ = {isa = PBXFileReference; lastKnownFileType = sourcecode.swift; path = ANC3UITestsLaunchTests.swift; sourceTree = "<group>"; };
/* End PBXFileReference section */

/* Begin PBXFrameworksBuildPhase section */
		16029B5E2B7792A700EF996A /* Frameworks */ = {
			isa = PBXFrameworksBuildPhase;
			buildActionMask = 2147483647;
			files = (
			);
			runOnlyForDeploymentPostprocessing = 0;
		};
		16029B6E2B7792A900EF996A /* Frameworks */ = {
			isa = PBXFrameworksBuildPhase;
			buildActionMask = 2147483647;
			files = (
			);
			runOnlyForDeploymentPostprocessing = 0;
		};
		16029B782B7792A900EF996A /* Frameworks */ = {
			isa = PBXFrameworksBuildPhase;
			buildActionMask = 2147483647;
			files = (
			);
			runOnlyForDeploymentPostprocessing = 0;
		};
/* End PBXFrameworksBuildPhase section */

/* Begin PBXGroup section */
		16029B582B7792A700EF996A = {
			isa = PBXGroup;
			children = (
				16029B632B7792A700EF996A /* ANC3 */,
				16029B742B7792A900EF996A /* ANC3Tests */,
				16029B7E2B7792A900EF996A /* ANC3UITests */,
				16029B622B7792A700EF996A /* Products */,
			);
			sourceTree = "<group>";
		};
		16029B622B7792A700EF996A /* Products */ = {
			isa = PBXGroup;
			children = (
				16029B612B7792A700EF996A /* ANC3.app */,
				16029B712B7792A900EF996A /* ANC3Tests.xctest */,
				16029B7B2B7792A900EF996A /* ANC3UITests.xctest */,
			);
			name = Products;
			sourceTree = "<group>";
		};
		16029B632B7792A700EF996A /* ANC3 */ = {
			isa = PBXGroup;
			children = (
				16029B642B7792A700EF996A /* ANC3App.swift */,
				16029B662B7792A700EF996A /* ContentView.swift */,
				16029B682B7792A800EF996A /* Assets.xcassets */,
				16029B6A2B7792A800EF996A /* Preview Content */,
			);
			path = ANC3;
			sourceTree = "<group>";
		};
		16029B6A2B7792A800EF996A /* Preview Content */ = {
			isa = PBXGroup;
			children = (
				16029B6B2B7792A800EF996A /* Preview Assets.xcassets */,
			);
			path = "Preview Content";
			sourceTree = "<group>";
		};
		16029B742B7792A900EF996A /* ANC3Tests */ = {
			isa = PBXGroup;
			children = (
				16029B752B7792A900EF996A /* ANC3Tests.swift */,
			);
			path = ANC3Tests;
			sourceTree = "<group>";
		};
		16029B7E2B7792A900EF996A /* ANC3UITests */ = {
			isa = PBXGroup;
			children = (
				16029B7F2B7792A900EF996A /* ANC3UITests.swift */,
				16029B812B7792A900EF996A /* ANC3UITestsLaunchTests.swift */,
			);
			path = ANC3UITests;
			sourceTree = "<group>";
		};
/* End PBXGroup section */

/* Begin PBXNativeTarget section */
		16029B602B7792A700EF996A /* ANC3 */ = {
			isa = PBXNativeTarget;
			buildConfigurationList = 16029B852B7792A900EF996A /* Build configuration list for PBXNativeTarget "ANC3" */;
			buildPhases = (
				16029B5D2B7792A700EF996A /* Sources */,
				16029B5E2B7792A700EF996A /* Frameworks */,
				16029B5F2B7792A700EF996A /* Resources */,
			);
			buildRules = (
			);
			dependencies = (
			);
			name = ANC3;
			productName = ANC3;
			productReference = 16029B612B7792A700EF996A /* ANC3.app */;
			productType = "com.apple.product-type.application";
		};
		16029B702B7792A900EF996A /* ANC3Tests */ = {
			isa = PBXNativeTarget;
			buildConfigurationList = 16029B882B7792A900EF996A /* Build configuration list for PBXNativeTarget "ANC3Tests" */;
			buildPhases = (
				16029B6D2B7792A900EF996A /* Sources */,
				16029B6E2B7792A900EF996A /* Frameworks */,
				16029B6F2B7792A900EF996A /* Resources */,
			);
			buildRules = (
			);
			dependencies = (
				16029B732B7792A900EF996A /* PBXTargetDependency */,
			);
			name = ANC3Tests;
			productName = ANC3Tests;
			productReference = 16029B712B7792A900EF996A /* ANC3Tests.xctest */;
			productType = "com.apple.product-type.bundle.unit-test";
		};
		16029B7A2B7792A900EF996A /* ANC3UITests */ = {
			isa = PBXNativeTarget;
			buildConfigurationList = 16029B8B2B7792A900EF996A /* Build configuration list for PBXNativeTarget "ANC3UITests" */;
			buildPhases = (
				16029B772B7792A900EF996A /* Sources */,
				16029B782B7792A900EF996A /* Frameworks */,
				16029B792B7792A900EF996A /* Resources */,
			);
			buildRules = (
			);
			dependencies = (
				16029B7D2B7792A900EF996A /* PBXTargetDependency */,
			);
			name = ANC3UITests;
			productName = ANC3UITests;
			productReference = 16029B7B2B7792A900EF996A /* ANC3UITests.xctest */;
			productType = "com.apple.product-type.bundle.ui-testing";
		};
/* End PBXNativeTarget section */

/* Begin PBXProject section */
		16029B592B7792A700EF996A /* Project object */ = {
			isa = PBXProject;
			attributes = {
				BuildIndependentTargetsInParallel = 1;
				LastSwiftUpdateCheck = 1520;
				LastUpgradeCheck = 1520;
				TargetAttributes = {
					16029B602B7792A700EF996A = {
						CreatedOnToolsVersion = 15.2;
					};
					16029B702B7792A900EF996A = {
						CreatedOnToolsVersion = 15.2;
						TestTargetID = 16029B602B7792A700EF996A;
					};
					16029B7A2B7792A900EF996A = {
						CreatedOnToolsVersion = 15.2;
						TestTargetID = 16029B602B7792A700EF996A;
					};
				};
			};
			buildConfigurationList = 16029B5C2B7792A700EF996A /* Build configuration list for PBXProject "ANC3" */;
			compatibilityVersion = "Xcode 14.0";
			developmentRegion = en;
			hasScannedForEncodings = 0;
			knownRegions = (
				en,
				Base,
			);
			mainGroup = 16029B582B7792A700EF996A;
			productRefGroup = 16029B622B7792A700EF996A /* Products */;
			projectDirPath = "";
			projectRoot = "";
			targets = (
				16029B602B7792A700EF996A /* ANC3 */,
				16029B702B7792A900EF996A /* ANC3Tests */,
				16029B7A2B7792A900EF996A /* ANC3UITests */,
			);
		};
/* End PBXProject section */

/* Begin PBXResourcesBuildPhase section */
		16029B5F2B7792A700EF996A /* Resources */ = {
			isa = PBXResourcesBuildPhase;
			buildActionMask = 2147483647;
			files = (
				16029B6C2B7792A800EF996A /* Preview Assets.xcassets in Resources */,
				16029B692B7792A800EF996A /* Assets.xcassets in Resources */,
			);
			runOnlyForDeploymentPostprocessing = 0;
		};
		16029B6F2B7792A900EF996A /* Resources */ = {
			isa = PBXResourcesBuildPhase;
			buildActionMask = 2147483647;
			files = (
			);
			runOnlyForDeploymentPostprocessing = 0;
		};
		16029B792B7792A900EF996A /* Resources */ = {
			isa = PBXResourcesBuildPhase;
			buildActionMask = 2147483647;
			files = (
			);
			runOnlyForDeploymentPostprocessing = 0;
		};
/* End PBXResourcesBuildPhase section */

/* Begin PBXSourcesBuildPhase section */
		16029B5D2B7792A700EF996A /* Sources */ = {
			isa = PBXSourcesBuildPhase;
			buildActionMask = 2147483647;
			files = (
				16029B672B7792A700EF996A /* ContentView.swift in Sources */,
				16029B652B7792A700EF996A /* ANC3App.swift in Sources */,
			);
			runOnlyForDeploymentPostprocessing = 0;
		};
		16029B6D2B7792A900EF996A /* Sources */ = {
			isa = PBXSourcesBuildPhase;
			buildActionMask = 2147483647;
			files = (
				16029B762B7792A900EF996A /* ANC3Tests.swift in Sources */,
			);
			runOnlyForDeploymentPostprocessing = 0;
		};
		16029B772B7792A900EF996A /* Sources */ = {
			isa = PBXSourcesBuildPhase;
			buildActionMask = 2147483647;
			files = (
				16029B802B7792A900EF996A /* ANC3UITests.swift in Sources */,
				16029B822B7792A900EF996A /* ANC3UITestsLaunchTests.swift in Sources */,
			);
			runOnlyForDeploymentPostprocessing = 0;
		};
/* End PBXSourcesBuildPhase section */

/* Begin PBXTargetDependency section */
		16029B732B7792A900EF996A /* PBXTargetDependency */ = {
			isa = PBXTargetDependency;
			target = 16029B602B7792A700EF996A /* ANC3 */;
			targetProxy = 16029B722B7792A900EF996A /* PBXContainerItemProxy */;
		};
		16029B7D2B7792A900EF996A /* PBXTargetDependency */ = {
			isa = PBXTargetDependency;
			target = 16029B602B7792A700EF996A /* ANC3 */;
			targetProxy = 16029B7C2B7792A900EF996A /* PBXContainerItemProxy */;
		};
/* End PBXTargetDependency section */

/* Begin XCBuildConfiguration section */
		16029B832B7792A900EF996A /* Debug */ = {
			isa = XCBuildConfiguration;
			buildSettings = {
				ALWAYS_SEARCH_USER_PATHS = NO;
				ASSETCATALOG_COMPILER_GENERATE_SWIFT_ASSET_SYMBOL_EXTENSIONS = YES;
				CLANG_ANALYZER_NONNULL = YES;
				CLANG_ANALYZER_NUMBER_OBJECT_CONVERSION = YES_AGGRESSIVE;
				CLANG_CXX_LANGUAGE_STANDARD = "gnu++20";
				CLANG_ENABLE_MODULES = YES;
				CLANG_ENABLE_OBJC_ARC = YES;
				CLANG_ENABLE_OBJC_WEAK = YES;
				CLANG_WARN_BLOCK_CAPTURE_AUTORELEASING = YES;
				CLANG_WARN_BOOL_CONVERSION = YES;
				CLANG_WARN_COMMA = YES;
				CLANG_WARN_CONSTANT_CONVERSION = YES;
				CLANG_WARN_DEPRECATED_OBJC_IMPLEMENTATIONS = YES;
				CLANG_WARN_DIRECT_OBJC_ISA_USAGE = YES_ERROR;
				CLANG_WARN_DOCUMENTATION_COMMENTS = YES;
				CLANG_WARN_EMPTY_BODY = YES;
				CLANG_WARN_ENUM_CONVERSION = YES;
				CLANG_WARN_INFINITE_RECURSION = YES;
				CLANG_WARN_INT_CONVERSION = YES;
				CLANG_WARN_NON_LITERAL_NULL_CONVERSION = YES;
				CLANG_WARN_OBJC_IMPLICIT_RETAIN_SELF = YES;
				CLANG_WARN_OBJC_LITERAL_CONVERSION = YES;
				CLANG_WARN_OBJC_ROOT_CLASS = YES_ERROR;
				CLANG_WARN_QUOTED_INCLUDE_IN_FRAMEWORK_HEADER = YES;
				CLANG_WARN_RANGE_LOOP_ANALYSIS = YES;
				CLANG_WARN_STRICT_PROTOTYPES = YES;
				CLANG_WARN_SUSPICIOUS_MOVE = YES;
				CLANG_WARN_UNGUARDED_AVAILABILITY = YES_AGGRESSIVE;
				CLANG_WARN_UNREACHABLE_CODE = YES;
				CLANG_WARN__DUPLICATE_METHOD_MATCH = YES;
				COPY_PHASE_STRIP = NO;
				DEBUG_INFORMATION_FORMAT = dwarf;
				ENABLE_STRICT_OBJC_MSGSEND = YES;
				ENABLE_TESTABILITY = YES;
				ENABLE_USER_SCRIPT_SANDBOXING = YES;
				GCC_C_LANGUAGE_STANDARD = gnu17;
				GCC_DYNAMIC_NO_PIC = NO;
				GCC_NO_COMMON_BLOCKS = YES;
				GCC_OPTIMIZATION_LEVEL = 0;
				GCC_PREPROCESSOR_DEFINITIONS = (
					"DEBUG=1",
					"$(inherited)",
				);
				GCC_WARN_64_TO_32_BIT_CONVERSION = YES;
				GCC_WARN_ABOUT_RETURN_TYPE = YES_ERROR;
				GCC_WARN_UNDECLARED_SELECTOR = YES;
				GCC_WARN_UNINITIALIZED_AUTOS = YES_AGGRESSIVE;
				GCC_WARN_UNUSED_FUNCTION = YES;
				GCC_WARN_UNUSED_VARIABLE = YES;
				IPHONEOS_DEPLOYMENT_TARGET = 17.2;
				LOCALIZATION_PREFERS_STRING_CATALOGS = YES;
				MTL_ENABLE_DEBUG_INFO = INCLUDE_SOURCE;
				MTL_FAST_MATH = YES;
				ONLY_ACTIVE_ARCH = YES;
				SDKROOT = iphoneos;
				SWIFT_ACTIVE_COMPILATION_CONDITIONS = "DEBUG $(inherited)";
				SWIFT_OPTIMIZATION_LEVEL = "-Onone";
			};
			name = Debug;
		};
		16029B842B7792A900EF996A /* Release */ = {
			isa = XCBuildConfiguration;
			buildSettings = {
				ALWAYS_SEARCH_USER_PATHS = NO;
				ASSETCATALOG_COMPILER_GENERATE_SWIFT_ASSET_SYMBOL_EXTENSIONS = YES;
				CLANG_ANALYZER_NONNULL = YES;
				CLANG_ANALYZER_NUMBER_OBJECT_CONVERSION = YES_AGGRESSIVE;
				CLANG_CXX_LANGUAGE_STANDARD = "gnu++20";
				CLANG_ENABLE_MODULES = YES;
				CLANG_ENABLE_OBJC_ARC = YES;
				CLANG_ENABLE_OBJC_WEAK = YES;
				CLANG_WARN_BLOCK_CAPTURE_AUTORELEASING = YES;
				CLANG_WARN_BOOL_CONVERSION = YES;
				CLANG_WARN_COMMA = YES;
				CLANG_WARN_CONSTANT_CONVERSION = YES;
				CLANG_WARN_DEPRECATED_OBJC_IMPLEMENTATIONS = YES;
				CLANG_WARN_DIRECT_OBJC_ISA_USAGE = YES_ERROR;
				CLANG_WARN_DOCUMENTATION_COMMENTS = YES;
				CLANG_WARN_EMPTY_BODY = YES;
				CLANG_WARN_ENUM_CONVERSION = YES;
				CLANG_WARN_INFINITE_RECURSION = YES;
				CLANG_WARN_INT_CONVERSION = YES;
				CLANG_WARN_NON_LITERAL_NULL_CONVERSION = YES;
				CLANG_WARN_OBJC_IMPLICIT_RETAIN_SELF = YES;
				CLANG_WARN_OBJC_LITERAL_CONVERSION = YES;
				CLANG_WARN_OBJC_ROOT_CLASS = YES_ERROR;
				CLANG_WARN_QUOTED_INCLUDE_IN_FRAMEWORK_HEADER = YES;
				CLANG_WARN_RANGE_LOOP_ANALYSIS = YES;
				CLANG_WARN_STRICT_PROTOTYPES = YES;
				CLANG_WARN_SUSPICIOUS_MOVE = YES;
				CLANG_WARN_UNGUARDED_AVAILABILITY = YES_AGGRESSIVE;
				CLANG_WARN_UNREACHABLE_CODE = YES;
				CLANG_WARN__DUPLICATE_METHOD_MATCH = YES;
				COPY_PHASE_STRIP = NO;
				DEBUG_INFORMATION_FORMAT = "dwarf-with-dsym";
				ENABLE_NS_ASSERTIONS = NO;
				ENABLE_STRICT_OBJC_MSGSEND = YES;
				ENABLE_USER_SCRIPT_SANDBOXING = YES;
				GCC_C_LANGUAGE_STANDARD = gnu17;
				GCC_NO_COMMON_BLOCKS = YES;
				GCC_WARN_64_TO_32_BIT_CONVERSION = YES;
				GCC_WARN_ABOUT_RETURN_TYPE = YES_ERROR;
				GCC_WARN_UNDECLARED_SELECTOR = YES;
				GCC_WARN_UNINITIALIZED_AUTOS = YES_AGGRESSIVE;
				GCC_WARN_UNUSED_FUNCTION = YES;
				GCC_WARN_UNUSED_VARIABLE = YES;
				IPHONEOS_DEPLOYMENT_TARGET = 17.2;
				LOCALIZATION_PREFERS_STRING_CATALOGS = YES;
				MTL_ENABLE_DEBUG_INFO = NO;
				MTL_FAST_MATH = YES;
				SDKROOT = iphoneos;
				SWIFT_COMPILATION_MODE = wholemodule;
				VALIDATE_PRODUCT = YES;
			};
			name = Release;
		};
		16029B862B7792A900EF996A /* Debug */ = {
			isa = XCBuildConfiguration;
			buildSettings = {
				ASSETCATALOG_COMPILER_APPICON_NAME = AppIcon;
				ASSETCATALOG_COMPILER_GLOBAL_ACCENT_COLOR_NAME = AccentColor;
				CODE_SIGN_STYLE = Automatic;
				CURRENT_PROJECT_VERSION = 1;
				DEVELOPMENT_ASSET_PATHS = "\"ANC3/Preview Content\"";
				DEVELOPMENT_TEAM = UFK25F697G;
				ENABLE_PREVIEWS = YES;
				GENERATE_INFOPLIST_FILE = YES;
				INFOPLIST_KEY_UIApplicationSceneManifest_Generation = YES;
				INFOPLIST_KEY_UIApplicationSupportsIndirectInputEvents = YES;
				INFOPLIST_KEY_UILaunchScreen_Generation = YES;
				INFOPLIST_KEY_UISupportedInterfaceOrientations_iPad = "UIInterfaceOrientationPortrait UIInterfaceOrientationPortraitUpsideDown UIInterfaceOrientationLandscapeLeft UIInterfaceOrientationLandscapeRight";
				INFOPLIST_KEY_UISupportedInterfaceOrientations_iPhone = "UIInterfaceOrientationPortrait UIInterfaceOrientationLandscapeLeft UIInterfaceOrientationLandscapeRight";
				LD_RUNPATH_SEARCH_PATHS = (
					"$(inherited)",
					"@executable_path/Frameworks",
				);
				MARKETING_VERSION = 1.0;
				PRODUCT_BUNDLE_IDENTIFIER = org.anthony.ANC3;
				PRODUCT_NAME = "$(TARGET_NAME)";
				SWIFT_EMIT_LOC_STRINGS = YES;
				SWIFT_VERSION = 5.0;
				TARGETED_DEVICE_FAMILY = "1,2";
			};
			name = Debug;
		};
		16029B872B7792A900EF996A /* Release */ = {
			isa = XCBuildConfiguration;
			buildSettings = {
				ASSETCATALOG_COMPILER_APPICON_NAME = AppIcon;
				ASSETCATALOG_COMPILER_GLOBAL_ACCENT_COLOR_NAME = AccentColor;
				CODE_SIGN_STYLE = Automatic;
				CURRENT_PROJECT_VERSION = 1;
				DEVELOPMENT_ASSET_PATHS = "\"ANC3/Preview Content\"";
				DEVELOPMENT_TEAM = UFK25F697G;
				ENABLE_PREVIEWS = YES;
				GENERATE_INFOPLIST_FILE = YES;
				INFOPLIST_KEY_UIApplicationSceneManifest_Generation = YES;
				INFOPLIST_KEY_UIApplicationSupportsIndirectInputEvents = YES;
				INFOPLIST_KEY_UILaunchScreen_Generation = YES;
				INFOPLIST_KEY_UISupportedInterfaceOrientations_iPad = "UIInterfaceOrientationPortrait UIInterfaceOrientationPortraitUpsideDown UIInterfaceOrientationLandscapeLeft UIInterfaceOrientationLandscapeRight";
				INFOPLIST_KEY_UISupportedInterfaceOrientations_iPhone = "UIInterfaceOrientationPortrait UIInterfaceOrientationLandscapeLeft UIInterfaceOrientationLandscapeRight";
				LD_RUNPATH_SEARCH_PATHS = (
					"$(inherited)",
					"@executable_path/Frameworks",
				);
				MARKETING_VERSION = 1.0;
				PRODUCT_BUNDLE_IDENTIFIER = org.anthony.ANC3;
				PRODUCT_NAME = "$(TARGET_NAME)";
				SWIFT_EMIT_LOC_STRINGS = YES;
				SWIFT_VERSION = 5.0;
				TARGETED_DEVICE_FAMILY = "1,2";
			};
			name = Release;
		};
		16029B892B7792A900EF996A /* Debug */ = {
			isa = XCBuildConfiguration;
			buildSettings = {
				ALWAYS_EMBED_SWIFT_STANDARD_LIBRARIES = YES;
				BUNDLE_LOADER = "$(TEST_HOST)";
				CODE_SIGN_STYLE = Automatic;
				CURRENT_PROJECT_VERSION = 1;
				DEVELOPMENT_TEAM = UFK25F697G;
				GENERATE_INFOPLIST_FILE = YES;
				IPHONEOS_DEPLOYMENT_TARGET = 17.2;
				MARKETING_VERSION = 1.0;
				PRODUCT_BUNDLE_IDENTIFIER = org.anthony.ANC3Tests;
				PRODUCT_NAME = "$(TARGET_NAME)";
				SWIFT_EMIT_LOC_STRINGS = NO;
				SWIFT_VERSION = 5.0;
				TARGETED_DEVICE_FAMILY = "1,2";
				TEST_HOST = "$(BUILT_PRODUCTS_DIR)/ANC3.app/$(BUNDLE_EXECUTABLE_FOLDER_PATH)/ANC3";
			};
			name = Debug;
		};
		16029B8A2B7792A900EF996A /* Release */ = {
			isa = XCBuildConfiguration;
			buildSettings = {
				ALWAYS_EMBED_SWIFT_STANDARD_LIBRARIES = YES;
				BUNDLE_LOADER = "$(TEST_HOST)";
				CODE_SIGN_STYLE = Automatic;
				CURRENT_PROJECT_VERSION = 1;
				DEVELOPMENT_TEAM = UFK25F697G;
				GENERATE_INFOPLIST_FILE = YES;
				IPHONEOS_DEPLOYMENT_TARGET = 17.2;
				MARKETING_VERSION = 1.0;
				PRODUCT_BUNDLE_IDENTIFIER = org.anthony.ANC3Tests;
				PRODUCT_NAME = "$(TARGET_NAME)";
				SWIFT_EMIT_LOC_STRINGS = NO;
				SWIFT_VERSION = 5.0;
				TARGETED_DEVICE_FAMILY = "1,2";
				TEST_HOST = "$(BUILT_PRODUCTS_DIR)/ANC3.app/$(BUNDLE_EXECUTABLE_FOLDER_PATH)/ANC3";
			};
			name = Release;
		};
		16029B8C2B7792A900EF996A /* Debug */ = {
			isa = XCBuildConfiguration;
			buildSettings = {
				ALWAYS_EMBED_SWIFT_STANDARD_LIBRARIES = YES;
				CODE_SIGN_STYLE = Automatic;
				CURRENT_PROJECT_VERSION = 1;
				DEVELOPMENT_TEAM = UFK25F697G;
				GENERATE_INFOPLIST_FILE = YES;
				MARKETING_VERSION = 1.0;
				PRODUCT_BUNDLE_IDENTIFIER = org.anthony.ANC3UITests;
				PRODUCT_NAME = "$(TARGET_NAME)";
				SWIFT_EMIT_LOC_STRINGS = NO;
				SWIFT_VERSION = 5.0;
				TARGETED_DEVICE_FAMILY = "1,2";
				TEST_TARGET_NAME = ANC3;
			};
			name = Debug;
		};
		16029B8D2B7792A900EF996A /* Release */ = {
			isa = XCBuildConfiguration;
			buildSettings = {
				ALWAYS_EMBED_SWIFT_STANDARD_LIBRARIES = YES;
				CODE_SIGN_STYLE = Automatic;
				CURRENT_PROJECT_VERSION = 1;
				DEVELOPMENT_TEAM = UFK25F697G;
				GENERATE_INFOPLIST_FILE = YES;
				MARKETING_VERSION = 1.0;
				PRODUCT_BUNDLE_IDENTIFIER = org.anthony.ANC3UITests;
				PRODUCT_NAME = "$(TARGET_NAME)";
				SWIFT_EMIT_LOC_STRINGS = NO;
				SWIFT_VERSION = 5.0;
				TARGETED_DEVICE_FAMILY = "1,2";
				TEST_TARGET_NAME = ANC3;
			};
			name = Release;
		};
/* End XCBuildConfiguration section */

/* Begin XCConfigurationList section */
		16029B5C2B7792A700EF996A /* Build configuration list for PBXProject "ANC3" */ = {
			isa = XCConfigurationList;
			buildConfigurations = (
				16029B832B7792A900EF996A /* Debug */,
				16029B842B7792A900EF996A /* Release */,
			);
			defaultConfigurationIsVisible = 0;
			defaultConfigurationName = Release;
		};
		16029B852B7792A900EF996A /* Build configuration list for PBXNativeTarget "ANC3" */ = {
			isa = XCConfigurationList;
			buildConfigurations = (
				16029B862B7792A900EF996A /* Debug */,
				16029B872B7792A900EF996A /* Release */,
			);
			defaultConfigurationIsVisible = 0;
			defaultConfigurationName = Release;
		};
		16029B882B7792A900EF996A /* Build configuration list for PBXNativeTarget "ANC3Tests" */ = {
			isa = XCConfigurationList;
			buildConfigurations = (
				16029B892B7792A900EF996A /* Debug */,
				16029B8A2B7792A900EF996A /* Release */,
			);
			defaultConfigurationIsVisible = 0;
			defaultConfigurationName = Release;
		};
		16029B8B2B7792A900EF996A /* Build configuration list for PBXNativeTarget "ANC3UITests" */ = {
			isa = XCConfigurationList;
			buildConfigurations = (
				16029B8C2B7792A900EF996A /* Debug */,
				16029B8D2B7792A900EF996A /* Release */,
			);
			defaultConfigurationIsVisible = 0;
			defaultConfigurationName = Release;
		};
/* End XCConfigurationList section */
	};
	rootObject = 16029B592B7792A700EF996A /* Project object */;
}
